// !$*UTF8*$!
{
	archiveVersion = 1;
	classes = {
	};
	objectVersion = 46;
	objects = {

/* Begin PBXBuildFile section */
		0420E5EA1F690BFC007DC10C /* UIImage+BHBEffects.m in Sources */ = {isa = PBXBuildFile; fileRef = 0420E5E91F690BFC007DC10C /* UIImage+BHBEffects.m */; };
		0420E5ED1F690CAA007DC10C /* LayerImage.m in Sources */ = {isa = PBXBuildFile; fileRef = 0420E5EC1F690CAA007DC10C /* LayerImage.m */; };
		046BCD581F602FA700EEB7A7 /* AppDelegate.swift in Sources */ = {isa = PBXBuildFile; fileRef = 046BCD571F602FA700EEB7A7 /* AppDelegate.swift */; };
		046BCD5A1F602FA700EEB7A7 /* ViewController.swift in Sources */ = {isa = PBXBuildFile; fileRef = 046BCD591F602FA700EEB7A7 /* ViewController.swift */; };
		046BCD5D1F602FA700EEB7A7 /* Main.storyboard in Resources */ = {isa = PBXBuildFile; fileRef = 046BCD5B1F602FA700EEB7A7 /* Main.storyboard */; };
		046BCD5F1F602FA700EEB7A7 /* Assets.xcassets in Resources */ = {isa = PBXBuildFile; fileRef = 046BCD5E1F602FA700EEB7A7 /* Assets.xcassets */; };
		046BCD621F602FA700EEB7A7 /* LaunchScreen.storyboard in Resources */ = {isa = PBXBuildFile; fileRef = 046BCD601F602FA700EEB7A7 /* LaunchScreen.storyboard */; };
		046BCD6E1F602FED00EEB7A7 /* AutoLabelItemCollectionViewCell.swift in Sources */ = {isa = PBXBuildFile; fileRef = 046BCD6A1F602FED00EEB7A7 /* AutoLabelItemCollectionViewCell.swift */; };
		046BCD6F1F602FED00EEB7A7 /* AutoLabelItemCollectionViewCell.xib in Resources */ = {isa = PBXBuildFile; fileRef = 046BCD6B1F602FED00EEB7A7 /* AutoLabelItemCollectionViewCell.xib */; };
		046BCD701F602FED00EEB7A7 /* AutoLabelItemView.swift in Sources */ = {isa = PBXBuildFile; fileRef = 046BCD6C1F602FED00EEB7A7 /* AutoLabelItemView.swift */; };
		046BCD711F602FED00EEB7A7 /* AutoLabelsView.swift in Sources */ = {isa = PBXBuildFile; fileRef = 046BCD6D1F602FED00EEB7A7 /* AutoLabelsView.swift */; };
		046BCD731F6032EA00EEB7A7 /* UIView+Extension.swift in Sources */ = {isa = PBXBuildFile; fileRef = 046BCD721F6032EA00EEB7A7 /* UIView+Extension.swift */; };
		046BCD751F60340100EEB7A7 /* NSObject+Extension.swift in Sources */ = {isa = PBXBuildFile; fileRef = 046BCD741F60340100EEB7A7 /* NSObject+Extension.swift */; };
		8D3C7224895ADA1247DDEB7A /* Pods_AutoLabel.framework in Frameworks */ = {isa = PBXBuildFile; fileRef = 65A25BA91889831EBDEB8CDF /* Pods_AutoLabel.framework */; };
/* End PBXBuildFile section */

/* Begin PBXFileReference section */
		0420E5E71F690BFB007DC10C /* AutoLabel-Bridging-Header.h */ = {isa = PBXFileReference; lastKnownFileType = sourcecode.c.h; path = "AutoLabel-Bridging-Header.h"; sourceTree = "<group>"; };
		0420E5E81F690BFC007DC10C /* UIImage+BHBEffects.h */ = {isa = PBXFileReference; fileEncoding = 4; lastKnownFileType = sourcecode.c.h; path = "UIImage+BHBEffects.h"; sourceTree = "<group>"; };
		0420E5E91F690BFC007DC10C /* UIImage+BHBEffects.m */ = {isa = PBXFileReference; fileEncoding = 4; lastKnownFileType = sourcecode.c.objc; path = "UIImage+BHBEffects.m"; sourceTree = "<group>"; };
		0420E5EB1F690CAA007DC10C /* LayerImage.h */ = {isa = PBXFileReference; fileEncoding = 4; lastKnownFileType = sourcecode.c.h; path = LayerImage.h; sourceTree = "<group>"; };
		0420E5EC1F690CAA007DC10C /* LayerImage.m */ = {isa = PBXFileReference; fileEncoding = 4; lastKnownFileType = sourcecode.c.objc; path = LayerImage.m; sourceTree = "<group>"; };
		046BCD541F602FA700EEB7A7 /* AutoLabel.app */ = {isa = PBXFileReference; explicitFileType = wrapper.application; includeInIndex = 0; path = AutoLabel.app; sourceTree = BUILT_PRODUCTS_DIR; };
		046BCD571F602FA700EEB7A7 /* AppDelegate.swift */ = {isa = PBXFileReference; lastKnownFileType = sourcecode.swift; path = AppDelegate.swift; sourceTree = "<group>"; };
		046BCD591F602FA700EEB7A7 /* ViewController.swift */ = {isa = PBXFileReference; lastKnownFileType = sourcecode.swift; path = ViewController.swift; sourceTree = "<group>"; };
		046BCD5C1F602FA700EEB7A7 /* Base */ = {isa = PBXFileReference; lastKnownFileType = file.storyboard; name = Base; path = Base.lproj/Main.storyboard; sourceTree = "<group>"; };
		046BCD5E1F602FA700EEB7A7 /* Assets.xcassets */ = {isa = PBXFileReference; lastKnownFileType = folder.assetcatalog; path = Assets.xcassets; sourceTree = "<group>"; };
		046BCD611F602FA700EEB7A7 /* Base */ = {isa = PBXFileReference; lastKnownFileType = file.storyboard; name = Base; path = Base.lproj/LaunchScreen.storyboard; sourceTree = "<group>"; };
		046BCD631F602FA700EEB7A7 /* Info.plist */ = {isa = PBXFileReference; lastKnownFileType = text.plist.xml; path = Info.plist; sourceTree = "<group>"; };
		046BCD6A1F602FED00EEB7A7 /* AutoLabelItemCollectionViewCell.swift */ = {isa = PBXFileReference; fileEncoding = 4; lastKnownFileType = sourcecode.swift; path = AutoLabelItemCollectionViewCell.swift; sourceTree = "<group>"; };
		046BCD6B1F602FED00EEB7A7 /* AutoLabelItemCollectionViewCell.xib */ = {isa = PBXFileReference; fileEncoding = 4; lastKnownFileType = file.xib; path = AutoLabelItemCollectionViewCell.xib; sourceTree = "<group>"; };
		046BCD6C1F602FED00EEB7A7 /* AutoLabelItemView.swift */ = {isa = PBXFileReference; fileEncoding = 4; lastKnownFileType = sourcecode.swift; path = AutoLabelItemView.swift; sourceTree = "<group>"; };
		046BCD6D1F602FED00EEB7A7 /* AutoLabelsView.swift */ = {isa = PBXFileReference; fileEncoding = 4; lastKnownFileType = sourcecode.swift; path = AutoLabelsView.swift; sourceTree = "<group>"; };
		046BCD721F6032EA00EEB7A7 /* UIView+Extension.swift */ = {isa = PBXFileReference; fileEncoding = 4; lastKnownFileType = sourcecode.swift; path = "UIView+Extension.swift"; sourceTree = "<group>"; };
		046BCD741F60340100EEB7A7 /* NSObject+Extension.swift */ = {isa = PBXFileReference; fileEncoding = 4; lastKnownFileType = sourcecode.swift; path = "NSObject+Extension.swift"; sourceTree = "<group>"; };
		65A25BA91889831EBDEB8CDF /* Pods_AutoLabel.framework */ = {isa = PBXFileReference; explicitFileType = wrapper.framework; includeInIndex = 0; path = Pods_AutoLabel.framework; sourceTree = BUILT_PRODUCTS_DIR; };
		7032066EC8EDE0420B679CE2 /* Pods-AutoLabel.debug.xcconfig */ = {isa = PBXFileReference; includeInIndex = 1; lastKnownFileType = text.xcconfig; name = "Pods-AutoLabel.debug.xcconfig"; path = "Pods/Target Support Files/Pods-AutoLabel/Pods-AutoLabel.debug.xcconfig"; sourceTree = "<group>"; };
		AAD6D664DDE10AAD23062F92 /* Pods-AutoLabel.release.xcconfig */ = {isa = PBXFileReference; includeInIndex = 1; lastKnownFileType = text.xcconfig; name = "Pods-AutoLabel.release.xcconfig"; path = "Pods/Target Support Files/Pods-AutoLabel/Pods-AutoLabel.release.xcconfig"; sourceTree = "<group>"; };
/* End PBXFileReference section */

/* Begin PBXFrameworksBuildPhase section */
		046BCD511F602FA700EEB7A7 /* Frameworks */ = {
			isa = PBXFrameworksBuildPhase;
			buildActionMask = 2147483647;
			files = (
				8D3C7224895ADA1247DDEB7A /* Pods_AutoLabel.framework in Frameworks */,
			);
			runOnlyForDeploymentPostprocessing = 0;
		};
/* End PBXFrameworksBuildPhase section */

/* Begin PBXGroup section */
		046BCD4B1F602FA600EEB7A7 = {
			isa = PBXGroup;
			children = (
				046BCD561F602FA700EEB7A7 /* AutoLabel */,
				046BCD551F602FA700EEB7A7 /* Products */,
				E0625956349753010214D050 /* Pods */,
				4A988A9B0D82EEA1FF7EBEEA /* Frameworks */,
			);
			sourceTree = "<group>";
		};
		046BCD551F602FA700EEB7A7 /* Products */ = {
			isa = PBXGroup;
			children = (
				046BCD541F602FA700EEB7A7 /* AutoLabel.app */,
			);
			name = Products;
			sourceTree = "<group>";
		};
		046BCD561F602FA700EEB7A7 /* AutoLabel */ = {
			isa = PBXGroup;
			children = (
				0420E5E81F690BFC007DC10C /* UIImage+BHBEffects.h */,
				0420E5E91F690BFC007DC10C /* UIImage+BHBEffects.m */,
				046BCD691F602FDC00EEB7A7 /* Source */,
				046BCD571F602FA700EEB7A7 /* AppDelegate.swift */,
				046BCD591F602FA700EEB7A7 /* ViewController.swift */,
				046BCD5B1F602FA700EEB7A7 /* Main.storyboard */,
				046BCD5E1F602FA700EEB7A7 /* Assets.xcassets */,
				046BCD601F602FA700EEB7A7 /* LaunchScreen.storyboard */,
				046BCD631F602FA700EEB7A7 /* Info.plist */,
				0420E5E71F690BFB007DC10C /* AutoLabel-Bridging-Header.h */,
				0420E5EB1F690CAA007DC10C /* LayerImage.h */,
				0420E5EC1F690CAA007DC10C /* LayerImage.m */,
			);
			path = AutoLabel;
			sourceTree = "<group>";
		};
		046BCD691F602FDC00EEB7A7 /* Source */ = {
			isa = PBXGroup;
			children = (
				046BCD741F60340100EEB7A7 /* NSObject+Extension.swift */,
				046BCD721F6032EA00EEB7A7 /* UIView+Extension.swift */,
				046BCD6A1F602FED00EEB7A7 /* AutoLabelItemCollectionViewCell.swift */,
				046BCD6B1F602FED00EEB7A7 /* AutoLabelItemCollectionViewCell.xib */,
				046BCD6C1F602FED00EEB7A7 /* AutoLabelItemView.swift */,
				046BCD6D1F602FED00EEB7A7 /* AutoLabelsView.swift */,
			);
			path = Source;
			sourceTree = "<group>";
		};
		4A988A9B0D82EEA1FF7EBEEA /* Frameworks */ = {
			isa = PBXGroup;
			children = (
				65A25BA91889831EBDEB8CDF /* Pods_AutoLabel.framework */,
			);
			name = Frameworks;
			sourceTree = "<group>";
		};
		E0625956349753010214D050 /* Pods */ = {
			isa = PBXGroup;
			children = (
				7032066EC8EDE0420B679CE2 /* Pods-AutoLabel.debug.xcconfig */,
				AAD6D664DDE10AAD23062F92 /* Pods-AutoLabel.release.xcconfig */,
			);
			name = Pods;
			sourceTree = "<group>";
		};
/* End PBXGroup section */

/* Begin PBXNativeTarget section */
		046BCD531F602FA700EEB7A7 /* AutoLabel */ = {
			isa = PBXNativeTarget;
			buildConfigurationList = 046BCD661F602FA700EEB7A7 /* Build configuration list for PBXNativeTarget "AutoLabel" */;
			buildPhases = (
				261E349AAA94D4BF489AB6A3 /* [CP] Check Pods Manifest.lock */,
				046BCD501F602FA700EEB7A7 /* Sources */,
				046BCD511F602FA700EEB7A7 /* Frameworks */,
				046BCD521F602FA700EEB7A7 /* Resources */,
				26D26246F30C99EDBD146DDE /* [CP] Embed Pods Frameworks */,
				46C435DA4B658D8B807BF4CE /* [CP] Copy Pods Resources */,
			);
			buildRules = (
			);
			dependencies = (
			);
			name = AutoLabel;
			productName = AutoLabel;
			productReference = 046BCD541F602FA700EEB7A7 /* AutoLabel.app */;
			productType = "com.apple.product-type.application";
		};
/* End PBXNativeTarget section */

/* Begin PBXProject section */
		046BCD4C1F602FA600EEB7A7 /* Project object */ = {
			isa = PBXProject;
			attributes = {
				LastSwiftUpdateCheck = 0830;
				LastUpgradeCheck = 0830;
				ORGANIZATIONNAME = LiYou;
				TargetAttributes = {
					046BCD531F602FA700EEB7A7 = {
						CreatedOnToolsVersion = 8.3.3;
						DevelopmentTeam = E2MHYTRHEB;
						LastSwiftMigration = 0830;
						ProvisioningStyle = Automatic;
					};
				};
			};
			buildConfigurationList = 046BCD4F1F602FA600EEB7A7 /* Build configuration list for PBXProject "AutoLabel" */;
			compatibilityVersion = "Xcode 3.2";
			developmentRegion = English;
			hasScannedForEncodings = 0;
			knownRegions = (
				en,
				Base,
			);
			mainGroup = 046BCD4B1F602FA600EEB7A7;
			productRefGroup = 046BCD551F602FA700EEB7A7 /* Products */;
			projectDirPath = "";
			projectRoot = "";
			targets = (
				046BCD531F602FA700EEB7A7 /* AutoLabel */,
			);
		};
/* End PBXProject section */

/* Begin PBXResourcesBuildPhase section */
		046BCD521F602FA700EEB7A7 /* Resources */ = {
			isa = PBXResourcesBuildPhase;
			buildActionMask = 2147483647;
			files = (
				046BCD6F1F602FED00EEB7A7 /* AutoLabelItemCollectionViewCell.xib in Resources */,
				046BCD621F602FA700EEB7A7 /* LaunchScreen.storyboard in Resources */,
				046BCD5F1F602FA700EEB7A7 /* Assets.xcassets in Resources */,
				046BCD5D1F602FA700EEB7A7 /* Main.storyboard in Resources */,
			);
			runOnlyForDeploymentPostprocessing = 0;
		};
/* End PBXResourcesBuildPhase section */

/* Begin PBXShellScriptBuildPhase section */
		261E349AAA94D4BF489AB6A3 /* [CP] Check Pods Manifest.lock */ = {
			isa = PBXShellScriptBuildPhase;
			buildActionMask = 2147483647;
			files = (
			);
			inputPaths = (
				"${PODS_PODFILE_DIR_PATH}/Podfile.lock",
				"${PODS_ROOT}/Manifest.lock",
			);
			name = "[CP] Check Pods Manifest.lock";
			outputPaths = (
				"$(DERIVED_FILE_DIR)/Pods-AutoLabel-checkManifestLockResult.txt",
			);
			runOnlyForDeploymentPostprocessing = 0;
			shellPath = /bin/sh;
			shellScript = "diff \"${PODS_PODFILE_DIR_PATH}/Podfile.lock\" \"${PODS_ROOT}/Manifest.lock\" > /dev/null\nif [ $? != 0 ] ; then\n    # print error to STDERR\n    echo \"error: The sandbox is not in sync with the Podfile.lock. Run 'pod install' or update your CocoaPods installation.\" >&2\n    exit 1\nfi\n# This output is used by Xcode 'outputs' to avoid re-running this script phase.\necho \"SUCCESS\" > \"${SCRIPT_OUTPUT_FILE_0}\"\n";
			showEnvVarsInLog = 0;
		};
		26D26246F30C99EDBD146DDE /* [CP] Embed Pods Frameworks */ = {
			isa = PBXShellScriptBuildPhase;
			buildActionMask = 2147483647;
			files = (
			);
			inputPaths = (
				"${SRCROOT}/Pods/Target Support Files/Pods-AutoLabel/Pods-AutoLabel-frameworks.sh",
				"${BUILT_PRODUCTS_DIR}/Alamofire/Alamofire.framework",
				"${BUILT_PRODUCTS_DIR}/EZSwiftExtensions/EZSwiftExtensions.framework",
				"${BUILT_PRODUCTS_DIR}/Moya/Moya.framework",
				"${BUILT_PRODUCTS_DIR}/ObjectMapper/ObjectMapper.framework",
				"${BUILT_PRODUCTS_DIR}/Result/Result.framework",
				"${BUILT_PRODUCTS_DIR}/RxCocoa/RxCocoa.framework",
				"${BUILT_PRODUCTS_DIR}/RxSwift/RxSwift.framework",
				"${BUILT_PRODUCTS_DIR}/RxWebClient/RxWebClient.framework",
				"${BUILT_PRODUCTS_DIR}/SnapKit/SnapKit.framework",
				"${BUILT_PRODUCTS_DIR}/SwiftyJSON/SwiftyJSON.framework",
			);
			name = "[CP] Embed Pods Frameworks";
			outputPaths = (
				"${TARGET_BUILD_DIR}/${FRAMEWORKS_FOLDER_PATH}/Alamofire.framework",
				"${TARGET_BUILD_DIR}/${FRAMEWORKS_FOLDER_PATH}/EZSwiftExtensions.framework",
				"${TARGET_BUILD_DIR}/${FRAMEWORKS_FOLDER_PATH}/Moya.framework",
				"${TARGET_BUILD_DIR}/${FRAMEWORKS_FOLDER_PATH}/ObjectMapper.framework",
				"${TARGET_BUILD_DIR}/${FRAMEWORKS_FOLDER_PATH}/Result.framework",
				"${TARGET_BUILD_DIR}/${FRAMEWORKS_FOLDER_PATH}/RxCocoa.framework",
				"${TARGET_BUILD_DIR}/${FRAMEWORKS_FOLDER_PATH}/RxSwift.framework",
				"${TARGET_BUILD_DIR}/${FRAMEWORKS_FOLDER_PATH}/RxWebClient.framework",
				"${TARGET_BUILD_DIR}/${FRAMEWORKS_FOLDER_PATH}/SnapKit.framework",
				"${TARGET_BUILD_DIR}/${FRAMEWORKS_FOLDER_PATH}/SwiftyJSON.framework",
			);
			runOnlyForDeploymentPostprocessing = 0;
			shellPath = /bin/sh;
			shellScript = "\"${SRCROOT}/Pods/Target Support Files/Pods-AutoLabel/Pods-AutoLabel-frameworks.sh\"\n";
			showEnvVarsInLog = 0;
		};
		46C435DA4B658D8B807BF4CE /* [CP] Copy Pods Resources */ = {
			isa = PBXShellScriptBuildPhase;
			buildActionMask = 2147483647;
			files = (
			);
			inputPaths = (
			);
			name = "[CP] Copy Pods Resources";
			outputPaths = (
			);
			runOnlyForDeploymentPostprocessing = 0;
			shellPath = /bin/sh;
			shellScript = "\"${SRCROOT}/Pods/Target Support Files/Pods-AutoLabel/Pods-AutoLabel-resources.sh\"\n";
			showEnvVarsInLog = 0;
		};
/* End PBXShellScriptBuildPhase section */

/* Begin PBXSourcesBuildPhase section */
		046BCD501F602FA700EEB7A7 /* Sources */ = {
			isa = PBXSourcesBuildPhase;
			buildActionMask = 2147483647;
			files = (
				046BCD731F6032EA00EEB7A7 /* UIView+Extension.swift in Sources */,
				046BCD5A1F602FA700EEB7A7 /* ViewController.swift in Sources */,
				046BCD711F602FED00EEB7A7 /* AutoLabelsView.swift in Sources */,
				046BCD6E1F602FED00EEB7A7 /* AutoLabelItemCollectionViewCell.swift in Sources */,
				0420E5EA1F690BFC007DC10C /* UIImage+BHBEffects.m in Sources */,
				046BCD701F602FED00EEB7A7 /* AutoLabelItemView.swift in Sources */,
				0420E5ED1F690CAA007DC10C /* LayerImage.m in Sources */,
				046BCD581F602FA700EEB7A7 /* AppDelegate.swift in Sources */,
				046BCD751F60340100EEB7A7 /* NSObject+Extension.swift in Sources */,
			);
			runOnlyForDeploymentPostprocessing = 0;
		};
/* End PBXSourcesBuildPhase section */

/* Begin PBXVariantGroup section */
		046BCD5B1F602FA700EEB7A7 /* Main.storyboard */ = {
			isa = PBXVariantGroup;
			children = (
				046BCD5C1F602FA700EEB7A7 /* Base */,
			);
			name = Main.storyboard;
			sourceTree = "<group>";
		};
		046BCD601F602FA700EEB7A7 /* LaunchScreen.storyboard */ = {
			isa = PBXVariantGroup;
			children = (
				046BCD611F602FA700EEB7A7 /* Base */,
			);
			name = LaunchScreen.storyboard;
			sourceTree = "<group>";
		};
/* End PBXVariantGroup section */

/* Begin XCBuildConfiguration section */
		046BCD641F602FA700EEB7A7 /* Debug */ = {
			isa = XCBuildConfiguration;
			buildSettings = {
				ALWAYS_SEARCH_USER_PATHS = NO;
				CLANG_ANALYZER_NONNULL = YES;
				CLANG_ANALYZER_NUMBER_OBJECT_CONVERSION = YES_AGGRESSIVE;
				CLANG_CXX_LANGUAGE_STANDARD = "gnu++0x";
				CLANG_CXX_LIBRARY = "libc++";
				CLANG_ENABLE_MODULES = YES;
				CLANG_ENABLE_OBJC_ARC = YES;
				CLANG_WARN_BOOL_CONVERSION = YES;
				CLANG_WARN_CONSTANT_CONVERSION = YES;
				CLANG_WARN_DIRECT_OBJC_ISA_USAGE = YES_ERROR;
				CLANG_WARN_DOCUMENTATION_COMMENTS = YES;
				CLANG_WARN_EMPTY_BODY = YES;
				CLANG_WARN_ENUM_CONVERSION = YES;
				CLANG_WARN_INFINITE_RECURSION = YES;
				CLANG_WARN_INT_CONVERSION = YES;
				CLANG_WARN_OBJC_ROOT_CLASS = YES_ERROR;
				CLANG_WARN_SUSPICIOUS_MOVE = YES;
				CLANG_WARN_UNREACHABLE_CODE = YES;
				CLANG_WARN__DUPLICATE_METHOD_MATCH = YES;
				"CODE_SIGN_IDENTITY[sdk=iphoneos*]" = "iPhone Developer";
				COPY_PHASE_STRIP = NO;
				DEBUG_INFORMATION_FORMAT = dwarf;
				ENABLE_STRICT_OBJC_MSGSEND = YES;
				ENABLE_TESTABILITY = YES;
				GCC_C_LANGUAGE_STANDARD = gnu99;
				GCC_DYNAMIC_NO_PIC = NO;
				GCC_NO_COMMON_BLOCKS = YES;
				GCC_OPTIMIZATION_LEVEL = 0;
				GCC_PREPROCESSOR_DEFINITIONS = (
					"DEBUG=1",
					"$(inherited)",
				);
				GCC_WARN_64_TO_32_BIT_CONVERSION = YES;
				GCC_WARN_ABOUT_RETURN_TYPE = YES_ERROR;
				GCC_WARN_UNDECLARED_SELECTOR = YES;
				GCC_WARN_UNINITIALIZED_AUTOS = YES_AGGRESSIVE;
				GCC_WARN_UNUSED_FUNCTION = YES;
				GCC_WARN_UNUSED_VARIABLE = YES;
				IPHONEOS_DEPLOYMENT_TARGET = 10.3;
				MTL_ENABLE_DEBUG_INFO = YES;
				ONLY_ACTIVE_ARCH = YES;
				SDKROOT = iphoneos;
				SWIFT_ACTIVE_COMPILATION_CONDITIONS = DEBUG;
				SWIFT_OPTIMIZATION_LEVEL = "-Onone";
			};
			name = Debug;
		};
		046BCD651F602FA700EEB7A7 /* Release */ = {
			isa = XCBuildConfiguration;
			buildSettings = {
				ALWAYS_SEARCH_USER_PATHS = NO;
				CLANG_ANALYZER_NONNULL = YES;
				CLANG_ANALYZER_NUMBER_OBJECT_CONVERSION = YES_AGGRESSIVE;
				CLANG_CXX_LANGUAGE_STANDARD = "gnu++0x";
				CLANG_CXX_LIBRARY = "libc++";
				CLANG_ENABLE_MODULES = YES;
				CLANG_ENABLE_OBJC_ARC = YES;
				CLANG_WARN_BOOL_CONVERSION = YES;
				CLANG_WARN_CONSTANT_CONVERSION = YES;
				CLANG_WARN_DIRECT_OBJC_ISA_USAGE = YES_ERROR;
				CLANG_WARN_DOCUMENTATION_COMMENTS = YES;
				CLANG_WARN_EMPTY_BODY = YES;
				CLANG_WARN_ENUM_CONVERSION = YES;
				CLANG_WARN_INFINITE_RECURSION = YES;
				CLANG_WARN_INT_CONVERSION = YES;
				CLANG_WARN_OBJC_ROOT_CLASS = YES_ERROR;
				CLANG_WARN_SUSPICIOUS_MOVE = YES;
				CLANG_WARN_UNREACHABLE_CODE = YES;
				CLANG_WARN__DUPLICATE_METHOD_MATCH = YES;
				"CODE_SIGN_IDENTITY[sdk=iphoneos*]" = "iPhone Developer";
				COPY_PHASE_STRIP = NO;
				DEBUG_INFORMATION_FORMAT = "dwarf-with-dsym";
				ENABLE_NS_ASSERTIONS = NO;
				ENABLE_STRICT_OBJC_MSGSEND = YES;
				GCC_C_LANGUAGE_STANDARD = gnu99;
				GCC_NO_COMMON_BLOCKS = YES;
				GCC_WARN_64_TO_32_BIT_CONVERSION = YES;
				GCC_WARN_ABOUT_RETURN_TYPE = YES_ERROR;
				GCC_WARN_UNDECLARED_SELECTOR = YES;
				GCC_WARN_UNINITIALIZED_AUTOS = YES_AGGRESSIVE;
				GCC_WARN_UNUSED_FUNCTION = YES;
				GCC_WARN_UNUSED_VARIABLE = YES;
				IPHONEOS_DEPLOYMENT_TARGET = 10.3;
				MTL_ENABLE_DEBUG_INFO = NO;
				SDKROOT = iphoneos;
				SWIFT_OPTIMIZATION_LEVEL = "-Owholemodule";
				VALIDATE_PRODUCT = YES;
			};
			name = Release;
		};
		046BCD671F602FA700EEB7A7 /* Debug */ = {
			isa = XCBuildConfiguration;
			baseConfigurationReference = 7032066EC8EDE0420B679CE2 /* Pods-AutoLabel.debug.xcconfig */;
			buildSettings = {
				ASSETCATALOG_COMPILER_APPICON_NAME = AppIcon;
				CLANG_ENABLE_MODULES = YES;
				DEVELOPMENT_TEAM = E2MHYTRHEB;
				INFOPLIST_FILE = AutoLabel/Info.plist;
				LD_RUNPATH_SEARCH_PATHS = "$(inherited) @executable_path/Frameworks";
				PRODUCT_BUNDLE_IDENTIFIER = com.LiYou.AutoLabel;
				PRODUCT_NAME = "$(TARGET_NAME)";
				SWIFT_OBJC_BRIDGING_HEADER = "AutoLabel/AutoLabel-Bridging-Header.h";
				SWIFT_OPTIMIZATION_LEVEL = "-Onone";
				SWIFT_VERSION = 3.0;
			};
			name = Debug;
		};
		046BCD681F602FA700EEB7A7 /* Release */ = {
			isa = XCBuildConfiguration;
			baseConfigurationReference = AAD6D664DDE10AAD23062F92 /* Pods-AutoLabel.release.xcconfig */;
			buildSettings = {
				ASSETCATALOG_COMPILER_APPICON_NAME = AppIcon;
				CLANG_ENABLE_MODULES = YES;
				DEVELOPMENT_TEAM = E2MHYTRHEB;
				INFOPLIST_FILE = AutoLabel/Info.plist;
				LD_RUNPATH_SEARCH_PATHS = "$(inherited) @executable_path/Frameworks";
				PRODUCT_BUNDLE_IDENTIFIER = com.LiYou.AutoLabel;
				PRODUCT_NAME = "$(TARGET_NAME)";
				SWIFT_OBJC_BRIDGING_HEADER = "AutoLabel/AutoLabel-Bridging-Header.h";
				SWIFT_VERSION = 3.0;
			};
			name = Release;
		};
/* End XCBuildConfiguration section */

/* Begin XCConfigurationList section */
		046BCD4F1F602FA600EEB7A7 /* Build configuration list for PBXProject "AutoLabel" */ = {
			isa = XCConfigurationList;
			buildConfigurations = (
				046BCD641F602FA700EEB7A7 /* Debug */,
				046BCD651F602FA700EEB7A7 /* Release */,
			);
			defaultConfigurationIsVisible = 0;
			defaultConfigurationName = Release;
		};
		046BCD661F602FA700EEB7A7 /* Build configuration list for PBXNativeTarget "AutoLabel" */ = {
			isa = XCConfigurationList;
			buildConfigurations = (
				046BCD671F602FA700EEB7A7 /* Debug */,
				046BCD681F602FA700EEB7A7 /* Release */,
			);
			defaultConfigurationIsVisible = 0;
			defaultConfigurationName = Release;
		};
/* End XCConfigurationList section */
	};
	rootObject = 046BCD4C1F602FA600EEB7A7 /* Project object */;
}
